
Microsoft Visual Studio Solution File, Format Version 12.00
Project("{FAE04EC0-301F-11D3-BF4B-00C04F79EFBC}") = "NotionExplorer", "NotionExplorer\NotionExplorer.csproj", "{AA3AF12F-A874-4FAE-98FF-3013E0571B97}"
EndProject
Project("{2150E333-8FDC-42A3-9474-1A3956D46DE8}") = "External Libraries", "External Libraries", "{6103B71F-EF04-46A5-A4EF-D32A1887DA42}"
EndProject
Project("{FAE04EC0-301F-11D3-BF4B-00C04F79EFBC}") = "RestUtil", "..\..\..\notion-api\src\RestUtil\RestUtil.csproj", "{BDC5C96F-1516-416C-8794-818008A1604D}"
EndProject
Project("{FAE04EC0-301F-11D3-BF4B-00C04F79EFBC}") = "Util", "..\..\..\notion-api\src\Util\Util.csproj", "{7821420C-D173-465C-892D-0377E09BD6B4}"
EndProject
Project("{FAE04EC0-301F-11D3-BF4B-00C04F79EFBC}") = "NotionApi", "..\..\..\notion-api\src\NotionApi\NotionApi.csproj", "{AC2ADD6E-425A-4669-9F69-B197E1DA0F68}"
EndProject
Project("{FAE04EC0-301F-11D3-BF4B-00C04F79EFBC}") = "Util.Test", "..\..\..\notion-api\src\Util.Test\Util.Test.csproj", "{78EA7B56-1F95-460C-9A7A-9CF0351768E3}"
EndProject
Project("{FAE04EC0-301F-11D3-BF4B-00C04F79EFBC}") = "RestUtil.Test", "..\..\..\notion-api\src\RestUtil.Test\RestUtil.Test.csproj", "{AF1F3ADA-338B-4A64-8186-5DB16319F593}"
EndProject
Project("{2150E333-8FDC-42A3-9474-1A3956D46DE8}") = "Test", "Test", "{095F3679-C18A-4672-B67C-A415F85A25F3}"
EndProject
Project("{FAE04EC0-301F-11D3-BF4B-00C04F79EFBC}") = "NotionApi.Test", "..\..\..\notion-api\src\NotionApi.Test\NotionApi.Test.csproj", "{D8333B6C-9EF4-475B-B0C8-7738A0FB78AF}"
EndProject
Project("{FAE04EC0-301F-11D3-BF4B-00C04F79EFBC}") = "NotionVisualizer", "..\..\..\notion-api\src\examples\NotionVisualizer\NotionVisualizer.csproj", "{ABB70BDA-9366-42F9-8A1B-06F871E06A49}"
EndProject
Global
	GlobalSection(SolutionConfigurationPlatforms) = preSolution
		Debug|Any CPU = Debug|Any CPU
		Release|Any CPU = Release|Any CPU
	EndGlobalSection
	GlobalSection(ProjectConfigurationPlatforms) = postSolution
		{AA3AF12F-A874-4FAE-98FF-3013E0571B97}.Debug|Any CPU.ActiveCfg = Debug|Any CPU
		{AA3AF12F-A874-4FAE-98FF-3013E0571B97}.Debug|Any CPU.Build.0 = Debug|Any CPU
		{AA3AF12F-A874-4FAE-98FF-3013E0571B97}.Release|Any CPU.ActiveCfg = Release|Any CPU
		{AA3AF12F-A874-4FAE-98FF-3013E0571B97}.Release|Any CPU.Build.0 = Release|Any CPU
		{BDC5C96F-1516-416C-8794-818008A1604D}.Debug|Any CPU.ActiveCfg = Debug|Any CPU
		{BDC5C96F-1516-416C-8794-818008A1604D}.Debug|Any CPU.Build.0 = Debug|Any CPU
		{BDC5C96F-1516-416C-8794-818008A1604D}.Release|Any CPU.ActiveCfg = Release|Any CPU
		{BDC5C96F-1516-416C-8794-818008A1604D}.Release|Any CPU.Build.0 = Release|Any CPU
		{7821420C-D173-465C-892D-0377E09BD6B4}.Debug|Any CPU.ActiveCfg = Debug|Any CPU
		{7821420C-D173-465C-892D-0377E09BD6B4}.Debug|Any CPU.Build.0 = Debug|Any CPU
		{7821420C-D173-465C-892D-0377E09BD6B4}.Release|Any CPU.ActiveCfg = Release|Any CPU
		{7821420C-D173-465C-892D-0377E09BD6B4}.Release|Any CPU.Build.0 = Release|Any CPU
		{AC2ADD6E-425A-4669-9F69-B197E1DA0F68}.Debug|Any CPU.ActiveCfg = Debug|Any CPU
		{AC2ADD6E-425A-4669-9F69-B197E1DA0F68}.Debug|Any CPU.Build.0 = Debug|Any CPU
		{AC2ADD6E-425A-4669-9F69-B197E1DA0F68}.Release|Any CPU.ActiveCfg = Release|Any CPU
		{AC2ADD6E-425A-4669-9F69-B197E1DA0F68}.Release|Any CPU.Build.0 = Release|Any CPU
		{78EA7B56-1F95-460C-9A7A-9CF0351768E3}.Debug|Any CPU.ActiveCfg = Debug|Any CPU
		{78EA7B56-1F95-460C-9A7A-9CF0351768E3}.Debug|Any CPU.Build.0 = Debug|Any CPU
		{78EA7B56-1F95-460C-9A7A-9CF0351768E3}.Release|Any CPU.ActiveCfg = Release|Any CPU
		{78EA7B56-1F95-460C-9A7A-9CF0351768E3}.Release|Any CPU.Build.0 = Release|Any CPU
		{AF1F3ADA-338B-4A64-8186-5DB16319F593}.Debug|Any CPU.ActiveCfg = Debug|Any CPU
		{AF1F3ADA-338B-4A64-8186-5DB16319F593}.Debug|Any CPU.Build.0 = Debug|Any CPU
		{AF1F3ADA-338B-4A64-8186-5DB16319F593}.Release|Any CPU.ActiveCfg = Release|Any CPU
		{AF1F3ADA-338B-4A64-8186-5DB16319F593}.Release|Any CPU.Build.0 = Release|Any CPU
		{D8333B6C-9EF4-475B-B0C8-7738A0FB78AF}.Debug|Any CPU.ActiveCfg = Debug|Any CPU
		{D8333B6C-9EF4-475B-B0C8-7738A0FB78AF}.Debug|Any CPU.Build.0 = Debug|Any CPU
		{D8333B6C-9EF4-475B-B0C8-7738A0FB78AF}.Release|Any CPU.ActiveCfg = Release|Any CPU
		{D8333B6C-9EF4-475B-B0C8-7738A0FB78AF}.Release|Any CPU.Build.0 = Release|Any CPU
		{ABB70BDA-9366-42F9-8A1B-06F871E06A49}.Debug|Any CPU.ActiveCfg = Debug|Any CPU
		{ABB70BDA-9366-42F9-8A1B-06F871E06A49}.Debug|Any CPU.Build.0 = Debug|Any CPU
		{ABB70BDA-9366-42F9-8A1B-06F871E06A49}.Release|Any CPU.ActiveCfg = Release|Any CPU
		{ABB70BDA-9366-42F9-8A1B-06F871E06A49}.Release|Any CPU.Build.0 = Release|Any CPU
	EndGlobalSection
	GlobalSection(NestedProjects) = preSolution
		{BDC5C96F-1516-416C-8794-818008A1604D} = {6103B71F-EF04-46A5-A4EF-D32A1887DA42}
		{7821420C-D173-465C-892D-0377E09BD6B4} = {6103B71F-EF04-46A5-A4EF-D32A1887DA42}
		{AC2ADD6E-425A-4669-9F69-B197E1DA0F68} = {6103B71F-EF04-46A5-A4EF-D32A1887DA42}
		{095F3679-C18A-4672-B67C-A415F85A25F3} = {6103B71F-EF04-46A5-A4EF-D32A1887DA42}
		{78EA7B56-1F95-460C-9A7A-9CF0351768E3} = {095F3679-C18A-4672-B67C-A415F85A25F3}
		{AF1F3ADA-338B-4A64-8186-5DB16319F593} = {095F3679-C18A-4672-B67C-A415F85A25F3}
		{D8333B6C-9EF4-475B-B0C8-7738A0FB78AF} = {095F3679-C18A-4672-B67C-A415F85A25F3}
		{ABB70BDA-9366-42F9-8A1B-06F871E06A49} = {6103B71F-EF04-46A5-A4EF-D32A1887DA42}
	EndGlobalSection
EndGlobal
